
Microsoft Visual Studio Solution File, Format Version 11.00
# Visual Studio 2010
Project("{FAE04EC0-301F-11D3-BF4B-00C04F79EFBC}") = "vr_culture_tutorial", "Assembly-CSharp.csproj", "{F54AC658-2D6B-F53A-B5E1-66D70EA7752A}"
EndProject
Project("{FAE04EC0-301F-11D3-BF4B-00C04F79EFBC}") = "vr_culture_tutorial", "Assembly-CSharp-Editor.csproj", "{052A5F65-13DB-A22A-1B00-A91B7C137196}"
EndProject
Project("{FAE04EC0-301F-11D3-BF4B-00C04F79EFBC}") = "vr_culture_tutorial", "Assembly-UnityScript.unityproj", "{BDE59391-9597-5A30-D759-ABE6A89B57FC}"
EndProject
Global
	GlobalSection(SolutionConfigurationPlatforms) = preSolution
		Debug|Any CPU = Debug|Any CPU
		Release|Any CPU = Release|Any CPU
	EndGlobalSection
	GlobalSection(ProjectConfigurationPlatforms) = postSolution
		{F54AC658-2D6B-F53A-B5E1-66D70EA7752A}.Debug|Any CPU.ActiveCfg = Debug|Any CPU
		{F54AC658-2D6B-F53A-B5E1-66D70EA7752A}.Debug|Any CPU.Build.0 = Debug|Any CPU
		{F54AC658-2D6B-F53A-B5E1-66D70EA7752A}.Release|Any CPU.ActiveCfg = Release|Any CPU
		{F54AC658-2D6B-F53A-B5E1-66D70EA7752A}.Release|Any CPU.Build.0 = Release|Any CPU
		{052A5F65-13DB-A22A-1B00-A91B7C137196}.Debug|Any CPU.ActiveCfg = Debug|Any CPU
		{052A5F65-13DB-A22A-1B00-A91B7C137196}.Debug|Any CPU.Build.0 = Debug|Any CPU
		{052A5F65-13DB-A22A-1B00-A91B7C137196}.Release|Any CPU.ActiveCfg = Release|Any CPU
		{052A5F65-13DB-A22A-1B00-A91B7C137196}.Release|Any CPU.Build.0 = Release|Any CPU
		{BDE59391-9597-5A30-D759-ABE6A89B57FC}.Debug|Any CPU.ActiveCfg = Debug|Any CPU
		{BDE59391-9597-5A30-D759-ABE6A89B57FC}.Debug|Any CPU.Build.0 = Debug|Any CPU
		{BDE59391-9597-5A30-D759-ABE6A89B57FC}.Release|Any CPU.ActiveCfg = Release|Any CPU
		{BDE59391-9597-5A30-D759-ABE6A89B57FC}.Release|Any CPU.Build.0 = Release|Any CPU
	EndGlobalSection
	GlobalSection(SolutionProperties) = preSolution
		HideSolutionNode = FALSE
	EndGlobalSection
	GlobalSection(MonoDevelopProperties) = preSolution
		StartupItem = Assembly-CSharp.csproj
	EndGlobalSection
EndGlobal
